
Microsoft Visual Studio Solution File, Format Version 12.00
# Visual Studio Version 16
VisualStudioVersion = 16.0.30804.86
MinimumVisualStudioVersion = 10.0.40219.1
Project("{FAE04EC0-301F-11D3-BF4B-00C04F79EFBC}") = "Ejemplo LINQ", "Ejemplo LINQ\Ejemplo LINQ.csproj", "{1649744D-9961-40E6-AAC1-3550F007318C}"
EndProject
Global
	GlobalSection(SolutionConfigurationPlatforms) = preSolution
		Debug|Any CPU = Debug|Any CPU
		Release|Any CPU = Release|Any CPU
	EndGlobalSection
	GlobalSection(ProjectConfigurationPlatforms) = postSolution
		{1649744D-9961-40E6-AAC1-3550F007318C}.Debug|Any CPU.ActiveCfg = Debug|Any CPU
		{1649744D-9961-40E6-AAC1-3550F007318C}.Debug|Any CPU.Build.0 = Debug|Any CPU
		{1649744D-9961-40E6-AAC1-3550F007318C}.Release|Any CPU.ActiveCfg = Release|Any CPU
		{1649744D-9961-40E6-AAC1-3550F007318C}.Release|Any CPU.Build.0 = Release|Any CPU
	EndGlobalSection
	GlobalSection(SolutionProperties) = preSolution
		HideSolutionNode = FALSE
	EndGlobalSection
	GlobalSection(ExtensibilityGlobals) = postSolution
		SolutionGuid = {F9FA4F42-C123-48CB-AE20-0B6DD1BC80A9}
	EndGlobalSection
EndGlobal
